
Microsoft Visual Studio Solution File, Format Version 12.00
# Visual Studio Version 17
VisualStudioVersion = 17.14.36221.1
MinimumVisualStudioVersion = 10.0.40219.1
Project("{FAE04EC0-301F-11D3-BF4B-00C04F79EFBC}") = "BMM(Battery Mobus Moniter ver0.2)", "BMM(Battery Mobus Moniter ver0.2)\BMM(Battery Mobus Moniter ver0.2).csproj", "{ABACEDC8-D7EF-4240-97B1-D7D799370857}"
EndProject
Global
	GlobalSection(SolutionConfigurationPlatforms) = preSolution
		Debug|Any CPU = Debug|Any CPU
		Release|Any CPU = Release|Any CPU
	EndGlobalSection
	GlobalSection(ProjectConfigurationPlatforms) = postSolution
		{ABACEDC8-D7EF-4240-97B1-D7D799370857}.Debug|Any CPU.ActiveCfg = Debug|Any CPU
		{ABACEDC8-D7EF-4240-97B1-D7D799370857}.Debug|Any CPU.Build.0 = Debug|Any CPU
		{ABACEDC8-D7EF-4240-97B1-D7D799370857}.Release|Any CPU.ActiveCfg = Release|Any CPU
		{ABACEDC8-D7EF-4240-97B1-D7D799370857}.Release|Any CPU.Build.0 = Release|Any CPU
	EndGlobalSection
	GlobalSection(SolutionProperties) = preSolution
		HideSolutionNode = FALSE
	EndGlobalSection
	GlobalSection(ExtensibilityGlobals) = postSolution
		SolutionGuid = {7D7CEF22-FE23-4761-B75C-CE1789D2F014}
	EndGlobalSection
EndGlobal
